
Microsoft Visual Studio Solution File, Format Version 12.00
# Visual Studio Version 16
VisualStudioVersion = 16.0.34931.43
MinimumVisualStudioVersion = 10.0.40219.1
Project("{FAE04EC0-301F-11D3-BF4B-00C04F79EFBC}") = "2024-08-15 Login", "2024-08-15 Login\2024-08-15 Login.csproj", "{AB63BD0F-EFD6-4E94-95C8-9CC33CC23DAE}"
EndProject
Global
	GlobalSection(SolutionConfigurationPlatforms) = preSolution
		Debug|Any CPU = Debug|Any CPU
		Release|Any CPU = Release|Any CPU
	EndGlobalSection
	GlobalSection(ProjectConfigurationPlatforms) = postSolution
		{AB63BD0F-EFD6-4E94-95C8-9CC33CC23DAE}.Debug|Any CPU.ActiveCfg = Debug|Any CPU
		{AB63BD0F-EFD6-4E94-95C8-9CC33CC23DAE}.Debug|Any CPU.Build.0 = Debug|Any CPU
		{AB63BD0F-EFD6-4E94-95C8-9CC33CC23DAE}.Release|Any CPU.ActiveCfg = Release|Any CPU
		{AB63BD0F-EFD6-4E94-95C8-9CC33CC23DAE}.Release|Any CPU.Build.0 = Release|Any CPU
	EndGlobalSection
	GlobalSection(SolutionProperties) = preSolution
		HideSolutionNode = FALSE
	EndGlobalSection
	GlobalSection(ExtensibilityGlobals) = postSolution
		SolutionGuid = {414578EA-E93A-4BDA-AC4A-B5025C74D404}
	EndGlobalSection
EndGlobal
